
Microsoft Visual Studio Solution File, Format Version 12.00
# Visual Studio Version 16
VisualStudioVersion = 16.0.29709.97
MinimumVisualStudioVersion = 10.0.40219.1
Project("{FAE04EC0-301F-11D3-BF4B-00C04F79EFBC}") = "EventApplication", "EventApplication\EventApplication.csproj", "{D5EEDA26-5138-4793-9B44-B529E00874BB}"
EndProject
Global
	GlobalSection(SolutionConfigurationPlatforms) = preSolution
		Debug|Any CPU = Debug|Any CPU
		Release|Any CPU = Release|Any CPU
	EndGlobalSection
	GlobalSection(ProjectConfigurationPlatforms) = postSolution
		{D5EEDA26-5138-4793-9B44-B529E00874BB}.Debug|Any CPU.ActiveCfg = Debug|Any CPU
		{D5EEDA26-5138-4793-9B44-B529E00874BB}.Debug|Any CPU.Build.0 = Debug|Any CPU
		{D5EEDA26-5138-4793-9B44-B529E00874BB}.Release|Any CPU.ActiveCfg = Release|Any CPU
		{D5EEDA26-5138-4793-9B44-B529E00874BB}.Release|Any CPU.Build.0 = Release|Any CPU
	EndGlobalSection
	GlobalSection(SolutionProperties) = preSolution
		HideSolutionNode = FALSE
	EndGlobalSection
	GlobalSection(ExtensibilityGlobals) = postSolution
		SolutionGuid = {CBA34B70-93F7-4C48-BFD6-AA43FBA54858}
	EndGlobalSection
EndGlobal
